<?xml version="1.0" encoding="utf-8"?>
<Project ToolsVersion="4.0" xmlns="http://schemas.microsoft.com/developer/msbuild/2003">
  <ItemGroup>
    <Filter Include="Foundation">
      <UniqueIdentifier>{79db8613-ff00-4acf-aa1c-a7f31d43242b}</UniqueIdentifier>
    </Filter>
    <Filter Include="Foundation\Header Files">
      <UniqueIdentifier>{93995380-89BD-4b04-88EB-625FBE52EBFB}</UniqueIdentifier>
      <Extensions>h;hpp;hxx;hm;inl;inc;xsd</Extensions>
    </Filter>
    <Filter Include="Foundation\Inline Files">
      <UniqueIdentifier>{de040b27-9c1f-4279-8591-f16680de3f29}</UniqueIdentifier>
    </Filter>
    <Filter Include="Foundation\Source Files">
      <UniqueIdentifier>{4FC737F1-C7A5-4376-A066-2A32D752A2FF}</UniqueIdentifier>
      <Extensions>cpp;c;cc;cxx;def;odl;idl;hpj;bat;asm;asmx</Extensions>
    </Filter>
    <Filter Include="Foundation\Platforms">
      <UniqueIdentifier>{dfbf8112-3ae9-49a3-94cd-f9fa6bfa8f72}</UniqueIdentifier>
    </Filter>
    <Filter Include="Foundation\Platforms\Wii">
      <UniqueIdentifier>{fb28a268-4016-4a24-afcd-29d70082bc08}</UniqueIdentifier>
    </Filter>
    <Filter Include="Foundation\Platforms\Wii\Header Files">
      <UniqueIdentifier>{763a786d-d1c0-4ddf-9d72-0df70e370eb0}</UniqueIdentifier>
    </Filter>
    <Filter Include="Foundation\Platforms\Wii\Inline Files">
      <UniqueIdentifier>{7ac1ac7e-45a2-4124-ac49-44b7dcf05550}</UniqueIdentifier>
    </Filter>
    <Filter Include="Foundation\Platforms\Wii\Source Files">
      <UniqueIdentifier>{ed5c62ca-0801-4f48-b8d3-ab8d984f0b6b}</UniqueIdentifier>
    </Filter>
    <Filter Include="Foundation\Platforms\Dx9">
      <UniqueIdentifier>{882b64a6-0f0e-4714-82c7-6d071e740a6a}</UniqueIdentifier>
    </Filter>
    <Filter Include="Foundation\Platforms\Dx9\Header Files">
      <UniqueIdentifier>{eceae6d8-4bce-4f9f-9cd5-99b165f177a5}</UniqueIdentifier>
    </Filter>
    <Filter Include="Foundation\Platforms\Dx9\Source Files">
      <UniqueIdentifier>{3600ca6d-1415-4756-8cb3-292e1ed03087}</UniqueIdentifier>
    </Filter>
    <Filter Include="Foundation\Platforms\Dx9\Inlines Files">
      <UniqueIdentifier>{c18d9568-0841-40ca-927b-f7b4d4933609}</UniqueIdentifier>
    </Filter>
    <Filter Include="Renderer">
      <UniqueIdentifier>{9513509b-486b-48a2-92d9-d949f05948ea}</UniqueIdentifier>
    </Filter>
    <Filter Include="Renderer\GXRenderer">
      <UniqueIdentifier>{5e15c62a-54cf-4144-a573-f811e7b6831e}</UniqueIdentifier>
    </Filter>
    <Filter Include="Renderer\GXRenderer\Header Files">
      <UniqueIdentifier>{e58a7985-243a-4d96-a973-b1e76fe4caed}</UniqueIdentifier>
    </Filter>
    <Filter Include="Renderer\GXRenderer\Source Files">
      <UniqueIdentifier>{c4875be8-2f8f-4d71-90d5-ce6192a8197a}</UniqueIdentifier>
    </Filter>
    <Filter Include="Renderer\Dx9Renderer">
      <UniqueIdentifier>{904a53f5-3a30-4b92-b264-500f13c966fa}</UniqueIdentifier>
    </Filter>
    <Filter Include="Renderer\Dx9Renderer\Header Files">
      <UniqueIdentifier>{008b56ea-722b-406e-aef4-514d0ce1a970}</UniqueIdentifier>
    </Filter>
    <Filter Include="Renderer\Dx9Renderer\Source Files">
      <UniqueIdentifier>{def17d82-7eca-471b-a789-f58cbe804ccd}</UniqueIdentifier>
    </Filter>
    <Filter Include="Engine">
      <UniqueIdentifier>{540dcd6b-426c-4568-b790-5f76e2266d9f}</UniqueIdentifier>
    </Filter>
    <Filter Include="Engine\Header Files">
      <UniqueIdentifier>{cea04ee1-4ee6-4e77-8bb2-19fa93cad670}</UniqueIdentifier>
    </Filter>
    <Filter Include="Engine\Inline Files">
      <UniqueIdentifier>{a5c07eed-3743-4e91-a559-282582f3f455}</UniqueIdentifier>
    </Filter>
    <Filter Include="Engine\Source Files">
      <UniqueIdentifier>{d8fd3029-0b4b-4846-89b0-1258ba25e210}</UniqueIdentifier>
    </Filter>
    <Filter Include="Renderer\GXRenderer\Inline Files">
      <UniqueIdentifier>{bd39d828-f729-4633-b4f5-8c95223fdaf5}</UniqueIdentifier>
    </Filter>
  </ItemGroup>
  <ItemGroup>
    <ClInclude Include="Foundation\WireFoundation.h">
      <Filter>Foundation</Filter>
    </ClInclude>
    <ClInclude Include="Foundation\WireApplication.h">
      <Filter>Foundation\Header Files</Filter>
    </ClInclude>
    <ClInclude Include="Foundation\WireBox3.h">
      <Filter>Foundation\Header Files</Filter>
    </ClInclude>
    <ClInclude Include="Foundation\WireColorRGB.h">
      <Filter>Foundation\Header Files</Filter>
    </ClInclude>
    <ClInclude Include="Foundation\WireColorRGBA.h">
      <Filter>Foundation\Header Files</Filter>
    </ClInclude>
    <ClInclude Include="Foundation\WireMain.h">
      <Filter>Foundation\Header Files</Filter>
    </ClInclude>
    <ClInclude Include="Foundation\WireMath.h">
      <Filter>Foundation\Header Files</Filter>
    </ClInclude>
    <ClInclude Include="Foundation\WireMatrix2.h">
      <Filter>Foundation\Header Files</Filter>
    </ClInclude>
    <ClInclude Include="Foundation\WireMatrix3.h">
      <Filter>Foundation\Header Files</Filter>
    </ClInclude>
    <ClInclude Include="Foundation\WireMatrix34.h">
      <Filter>Foundation\Header Files</Filter>
    </ClInclude>
    <ClInclude Include="Foundation\WireMatrix4.h">
      <Filter>Foundation\Header Files</Filter>
    </ClInclude>
    <ClInclude Include="Foundation\WireMemory.h">
      <Filter>Foundation\Header Files</Filter>
    </ClInclude>
    <ClInclude Include="Foundation\WirePlane3.h">
      <Filter>Foundation\Header Files</Filter>
    </ClInclude>
    <ClInclude Include="Foundation\WireQuaternion.h">
      <Filter>Foundation\Header Files</Filter>
    </ClInclude>
    <ClInclude Include="Foundation\WireRandom.h">
      <Filter>Foundation\Header Files</Filter>
    </ClInclude>
    <ClInclude Include="Foundation\WireSphere3.h">
      <Filter>Foundation\Header Files</Filter>
    </ClInclude>
    <ClInclude Include="Foundation\WireString.h">
      <Filter>Foundation\Header Files</Filter>
    </ClInclude>
    <ClInclude Include="Foundation\WireSystem.h">
      <Filter>Foundation\Header Files</Filter>
    </ClInclude>
    <ClInclude Include="Foundation\WireTArray.h">
      <Filter>Foundation\Header Files</Filter>
    </ClInclude>
    <ClInclude Include="Foundation\WireTHashSet.h">
      <Filter>Foundation\Header Files</Filter>
    </ClInclude>
    <ClInclude Include="Foundation\WireTHashTable.h">
      <Filter>Foundation\Header Files</Filter>
    </ClInclude>
    <ClInclude Include="Foundation\WireTList.h">
      <Filter>Foundation\Header Files</Filter>
    </ClInclude>
    <ClInclude Include="Foundation\WireTMap.h">
      <Filter>Foundation\Header Files</Filter>
    </ClInclude>
    <ClInclude Include="Foundation\WireTStack.h">
      <Filter>Foundation\Header Files</Filter>
    </ClInclude>
    <ClInclude Include="Foundation\WireTypes.h">
      <Filter>Foundation\Header Files</Filter>
    </ClInclude>
    <ClInclude Include="Foundation\WireVector2.h">
      <Filter>Foundation\Header Files</Filter>
    </ClInclude>
    <ClInclude Include="Foundation\WireVector3.h">
      <Filter>Foundation\Header Files</Filter>
    </ClInclude>
    <ClInclude Include="Foundation\WireVector4.h">
      <Filter>Foundation\Header Files</Filter>
    </ClInclude>
    <ClInclude Include="Foundation\Wii\WireGXApplication.h">
      <Filter>Foundation\Platforms\Wii\Header Files</Filter>
    </ClInclude>
    <ClInclude Include="Foundation\Wii\WireOgcDefines.h">
      <Filter>Foundation\Platforms\Wii\Header Files</Filter>
    </ClInclude>
    <ClInclude Include="Foundation\Dx9\WireDx9Application.h">
      <Filter>Foundation\Platforms\Dx9\Header Files</Filter>
    </ClInclude>
    <ClInclude Include="Renderer\GXRenderer\WireGXIndexBuffer.h">
      <Filter>Renderer\GXRenderer\Header Files</Filter>
    </ClInclude>
    <ClInclude Include="Renderer\GXRenderer\WireGXRendererData.h">
      <Filter>Renderer\GXRenderer\Header Files</Filter>
    </ClInclude>
    <ClInclude Include="Renderer\GXRenderer\WireGXRendererInput.h">
      <Filter>Renderer\GXRenderer\Header Files</Filter>
    </ClInclude>
    <ClInclude Include="Renderer\GXRenderer\WireGXTexture2D.h">
      <Filter>Renderer\GXRenderer\Header Files</Filter>
    </ClInclude>
    <ClInclude Include="Renderer\GXRenderer\WireGXVertexBuffer.h">
      <Filter>Renderer\GXRenderer\Header Files</Filter>
    </ClInclude>
    <ClInclude Include="Renderer\Dx9Renderer\WireDx9IndexBuffer.h">
      <Filter>Renderer\Dx9Renderer\Header Files</Filter>
    </ClInclude>
    <ClInclude Include="Renderer\Dx9Renderer\WireDx9RendererData.h">
      <Filter>Renderer\Dx9Renderer\Header Files</Filter>
    </ClInclude>
    <ClInclude Include="Renderer\Dx9Renderer\WireDx9RendererInput.h">
      <Filter>Renderer\Dx9Renderer\Header Files</Filter>
    </ClInclude>
    <ClInclude Include="Renderer\Dx9Renderer\WireDx9Texture2D.h">
      <Filter>Renderer\Dx9Renderer\Header Files</Filter>
    </ClInclude>
    <ClInclude Include="Renderer\Dx9Renderer\WireDx9VertexBuffer.h">
      <Filter>Renderer\Dx9Renderer\Header Files</Filter>
    </ClInclude>
    <ClInclude Include="Engine\WireEngine.h">
      <Filter>Engine</Filter>
    </ClInclude>
    <ClInclude Include="Engine\WireBoundingVolume.h">
      <Filter>Engine\Header Files</Filter>
    </ClInclude>
    <ClInclude Include="Engine\WireBuffer.h">
      <Filter>Engine\Header Files</Filter>
    </ClInclude>
    <ClInclude Include="Engine\WireCamera.h">
      <Filter>Engine\Header Files</Filter>
    </ClInclude>
    <ClInclude Include="Engine\WireController.h">
      <Filter>Engine\Header Files</Filter>
    </ClInclude>
    <ClInclude Include="Engine\WireCuller.h">
      <Filter>Engine\Header Files</Filter>
    </ClInclude>
    <ClInclude Include="Engine\WireEffect.h">
      <Filter>Engine\Header Files</Filter>
    </ClInclude>
    <ClInclude Include="Engine\WireGeometry.h">
      <Filter>Engine\Header Files</Filter>
    </ClInclude>
    <ClInclude Include="Engine\WireImage2D.h">
      <Filter>Engine\Header Files</Filter>
    </ClInclude>
    <ClInclude Include="Engine\WireIndexBuffer.h">
      <Filter>Engine\Header Files</Filter>
    </ClInclude>
    <ClInclude Include="Engine\WireLight.h">
      <Filter>Engine\Header Files</Filter>
    </ClInclude>
    <ClInclude Include="Engine\WireNode.h">
      <Filter>Engine\Header Files</Filter>
    </ClInclude>
    <ClInclude Include="Engine\WireObject.h">
      <Filter>Engine\Header Files</Filter>
    </ClInclude>
    <ClInclude Include="Engine\WireRenderer.h">
      <Filter>Engine\Header Files</Filter>
    </ClInclude>
    <ClInclude Include="Engine\WireRtti.h">
      <Filter>Engine\Header Files</Filter>
    </ClInclude>
    <ClInclude Include="Engine\WireSceneObject.h">
      <Filter>Engine\Header Files</Filter>
    </ClInclude>
    <ClInclude Include="Engine\WireSmartPointer.h">
      <Filter>Engine\Header Files</Filter>
    </ClInclude>
    <ClInclude Include="Engine\WireSpatial.h">
      <Filter>Engine\Header Files</Filter>
    </ClInclude>
    <ClInclude Include="Engine\WireSphereBV.h">
      <Filter>Engine\Header Files</Filter>
    </ClInclude>
    <ClInclude Include="Engine\WireTexture2D.h">
      <Filter>Engine\Header Files</Filter>
    </ClInclude>
    <ClInclude Include="Engine\WireTransformation.h">
      <Filter>Engine\Header Files</Filter>
    </ClInclude>
    <ClInclude Include="Engine\WireVertexAttributes.h">
      <Filter>Engine\Header Files</Filter>
    </ClInclude>
    <ClInclude Include="Engine\WireVertexBuffer.h">
      <Filter>Engine\Header Files</Filter>
    </ClInclude>
    <ClInclude Include="Engine\WireVisibleObject.h">
      <Filter>Engine\Header Files</Filter>
    </ClInclude>
    <ClInclude Include="Engine\WireVisibleSet.h">
      <Filter>Engine\Header Files</Filter>
    </ClInclude>
    <ClInclude Include="Engine\WireStateAlpha.h">
      <Filter>Engine\Header Files</Filter>
    </ClInclude>
    <ClInclude Include="Engine\WireStateCull.h">
      <Filter>Engine\Header Files</Filter>
    </ClInclude>
    <ClInclude Include="Engine\WireStateFog.h">
      <Filter>Engine\Header Files</Filter>
    </ClInclude>
    <ClInclude Include="Engine\WireStateMaterial.h">
      <Filter>Engine\Header Files</Filter>
    </ClInclude>
    <ClInclude Include="Engine\WireStateWireframe.h">
      <Filter>Engine\Header Files</Filter>
    </ClInclude>
    <ClInclude Include="Engine\WireStateZBuffer.h">
      <Filter>Engine\Header Files</Filter>
    </ClInclude>
    <ClInclude Include="Engine\WireNodeBillboard.h">
      <Filter>Engine\Header Files</Filter>
    </ClInclude>
    <ClInclude Include="Engine\WireNodeDLod.h">
      <Filter>Engine\Header Files</Filter>
    </ClInclude>
    <ClInclude Include="Engine\WireNodeLight.h">
      <Filter>Engine\Header Files</Filter>
    </ClInclude>
    <ClInclude Include="Engine\WireNodeSwitch.h">
      <Filter>Engine\Header Files</Filter>
    </ClInclude>
    <ClInclude Include="Engine\WireState.h">
      <Filter>Engine\Header Files</Filter>
    </ClInclude>
    <ClInclude Include="Engine\WireStandardMesh.h">
      <Filter>Engine\Header Files</Filter>
    </ClInclude>
    <ClInclude Include="Foundation\WireNoisePerlin.h">
      <Filter>Foundation\Header Files</Filter>
    </ClInclude>
    <ClInclude Include="Renderer\GXRenderer\WireGXDisplayList.h">
      <Filter>Renderer\GXRenderer\Header Files</Filter>
    </ClInclude>
    <ClInclude Include="Foundation\WireTQueue.h">
      <Filter>Foundation\Header Files</Filter>
    </ClInclude>
    <ClInclude Include="Engine\WireMaterial.h">
      <Filter>Engine\Header Files</Filter>
    </ClInclude>
    <ClInclude Include="Engine\WireCullerSorter.h">
      <Filter>Engine\Header Files</Filter>
    </ClInclude>
    <ClInclude Include="Foundation\WireTInstanceID.h">
      <Filter>Foundation\Header Files</Filter>
    </ClInclude>
  </ItemGroup>
  <ItemGroup>
    <None Include="Foundation\WireBox3.inl">
      <Filter>Foundation\Inline Files</Filter>
    </None>
    <None Include="Foundation\WireColorRGB.inl">
      <Filter>Foundation\Inline Files</Filter>
    </None>
    <None Include="Foundation\WireColorRGBA.inl">
      <Filter>Foundation\Inline Files</Filter>
    </None>
    <None Include="Foundation\WireMath.inl">
      <Filter>Foundation\Inline Files</Filter>
    </None>
    <None Include="Foundation\WireMatrix2.inl">
      <Filter>Foundation\Inline Files</Filter>
    </None>
    <None Include="Foundation\WireMatrix3.inl">
      <Filter>Foundation\Inline Files</Filter>
    </None>
    <None Include="Foundation\WireMatrix34.inl">
      <Filter>Foundation\Inline Files</Filter>
    </None>
    <None Include="Foundation\WireMatrix4.inl">
      <Filter>Foundation\Inline Files</Filter>
    </None>
    <None Include="Foundation\WirePlane3.inl">
      <Filter>Foundation\Inline Files</Filter>
    </None>
    <None Include="Foundation\WireQuaternion.inl">
      <Filter>Foundation\Inline Files</Filter>
    </None>
    <None Include="Foundation\WireSphere3.inl">
      <Filter>Foundation\Inline Files</Filter>
    </None>
    <None Include="Foundation\WireString.inl">
      <Filter>Foundation\Inline Files</Filter>
    </None>
    <None Include="Foundation\WireTArray.inl">
      <Filter>Foundation\Inline Files</Filter>
    </None>
    <None Include="Foundation\WireTHashSet.inl">
      <Filter>Foundation\Inline Files</Filter>
    </None>
    <None Include="Foundation\WireTHashTable.inl">
      <Filter>Foundation\Inline Files</Filter>
    </None>
    <None Include="Foundation\WireTList.inl">
      <Filter>Foundation\Inline Files</Filter>
    </None>
    <None Include="Foundation\WireTMap.inl">
      <Filter>Foundation\Inline Files</Filter>
    </None>
    <None Include="Foundation\WireTStack.inl">
      <Filter>Foundation\Inline Files</Filter>
    </None>
    <None Include="Foundation\WireVector2.inl">
      <Filter>Foundation\Inline Files</Filter>
    </None>
    <None Include="Foundation\WireVector3.inl">
      <Filter>Foundation\Inline Files</Filter>
    </None>
    <None Include="Foundation\WireVector4.inl">
      <Filter>Foundation\Inline Files</Filter>
    </None>
    <None Include="Foundation\Wii\WireMatrix34Wii.inl">
      <Filter>Foundation\Platforms\Wii\Inline Files</Filter>
    </None>
    <None Include="Foundation\Wii\WireSystemWii.inl">
      <Filter>Foundation\Platforms\Wii\Inline Files</Filter>
    </None>
    <None Include="Foundation\Wii\WireVector3Wii.inl">
      <Filter>Foundation\Platforms\Wii\Inline Files</Filter>
    </None>
    <None Include="Foundation\Dx9\WireSystemDx9.inl">
      <Filter>Foundation\Platforms\Dx9\Inlines Files</Filter>
    </None>
    <None Include="Engine\WireBuffer.inl">
      <Filter>Engine\Inline Files</Filter>
    </None>
    <None Include="Engine\WireCamera.inl">
      <Filter>Engine\Inline Files</Filter>
    </None>
    <None Include="Engine\WireController.inl">
      <Filter>Engine\Inline Files</Filter>
    </None>
    <None Include="Engine\WireCuller.inl">
      <Filter>Engine\Inline Files</Filter>
    </None>
    <None Include="Engine\WireImage2D.inl">
      <Filter>Engine\Inline Files</Filter>
    </None>
    <None Include="Engine\WireIndexBuffer.inl">
      <Filter>Engine\Inline Files</Filter>
    </None>
    <None Include="Engine\WireNode.inl">
      <Filter>Engine\Inline Files</Filter>
    </None>
    <None Include="Engine\WireObject.inl">
      <Filter>Engine\Inline Files</Filter>
    </None>
    <None Include="Engine\WireRenderer.inl">
      <Filter>Engine\Inline Files</Filter>
    </None>
    <None Include="Engine\WireRtti.inl">
      <Filter>Engine\Inline Files</Filter>
    </None>
    <None Include="Engine\WireSceneObject.inl">
      <Filter>Engine\Inline Files</Filter>
    </None>
    <None Include="Engine\WireSmartPointer.inl">
      <Filter>Engine\Inline Files</Filter>
    </None>
    <None Include="Engine\WireSpatial.inl">
      <Filter>Engine\Inline Files</Filter>
    </None>
    <None Include="Engine\WireSphereBV.inl">
      <Filter>Engine\Inline Files</Filter>
    </None>
    <None Include="Engine\WireTexture2D.inl">
      <Filter>Engine\Inline Files</Filter>
    </None>
    <None Include="Engine\WireTransformation.inl">
      <Filter>Engine\Inline Files</Filter>
    </None>
    <None Include="Engine\WireVertexAttributes.inl">
      <Filter>Engine\Inline Files</Filter>
    </None>
    <None Include="Engine\WireVertexBuffer.inl">
      <Filter>Engine\Inline Files</Filter>
    </None>
    <None Include="Engine\WireVisibleObject.inl">
      <Filter>Engine\Inline Files</Filter>
    </None>
    <None Include="Engine\WireVisibleSet.inl">
      <Filter>Engine\Inline Files</Filter>
    </None>
    <None Include="Engine\WireNodeBillboard.inl">
      <Filter>Engine\Inline Files</Filter>
    </None>
    <None Include="Engine\WireNodeDLod.inl">
      <Filter>Engine\Inline Files</Filter>
    </None>
    <None Include="Engine\WireNodeLight.inl">
      <Filter>Engine\Inline Files</Filter>
    </None>
    <None Include="Engine\WireNodeSwitch.inl">
      <Filter>Engine\Inline Files</Filter>
    </None>
    <None Include="Engine\WireGeometry.inl">
      <Filter>Engine\Inline Files</Filter>
    </None>
    <None Include="Foundation\WireNoisePerlin.inl">
      <Filter>Foundation\Inline Files</Filter>
    </None>
    <None Include="Renderer\GXRenderer\WireGXDisplayList.inl">
      <Filter>Renderer\GXRenderer\Inline Files</Filter>
    </None>
    <None Include="Renderer\GXRenderer\WireGXVertexBuffer.inl">
      <Filter>Renderer\GXRenderer\Inline Files</Filter>
    </None>
    <None Include="Renderer\GXRenderer\WireGXIndexBuffer.inl">
      <Filter>Renderer\GXRenderer\Inline Files</Filter>
    </None>
    <None Include="Foundation\WireTQueue.inl">
      <Filter>Foundation\Inline Files</Filter>
    </None>
    <None Include="Engine\WireMaterial.inl">
      <Filter>Engine\Inline Files</Filter>
    </None>
    <None Include="Foundation\WireTInstanceID.inl">
      <Filter>Foundation\Inline Files</Filter>
    </None>
  </ItemGroup>
  <ItemGroup>
    <ClCompile Include="Foundation\WireApplication.cpp">
      <Filter>Foundation\Source Files</Filter>
    </ClCompile>
    <ClCompile Include="Foundation\WireColorRGB.cpp">
      <Filter>Foundation\Source Files</Filter>
    </ClCompile>
    <ClCompile Include="Foundation\WireColorRGBA.cpp">
      <Filter>Foundation\Source Files</Filter>
    </ClCompile>
    <ClCompile Include="Foundation\WireMain.cpp">
      <Filter>Foundation\Source Files</Filter>
    </ClCompile>
    <ClCompile Include="Foundation\WireMath.cpp">
      <Filter>Foundation\Source Files</Filter>
    </ClCompile>
    <ClCompile Include="Foundation\WireMatrix2.cpp">
      <Filter>Foundation\Source Files</Filter>
    </ClCompile>
    <ClCompile Include="Foundation\WireMatrix3.cpp">
      <Filter>Foundation\Source Files</Filter>
    </ClCompile>
    <ClCompile Include="Foundation\WireMatrix34.cpp">
      <Filter>Foundation\Source Files</Filter>
    </ClCompile>
    <ClCompile Include="Foundation\WireMatrix4.cpp">
      <Filter>Foundation\Source Files</Filter>
    </ClCompile>
    <ClCompile Include="Foundation\WireQuaternion.cpp">
      <Filter>Foundation\Source Files</Filter>
    </ClCompile>
    <ClCompile Include="Foundation\WireRandom.cpp">
      <Filter>Foundation\Source Files</Filter>
    </ClCompile>
    <ClCompile Include="Foundation\WireString.cpp">
      <Filter>Foundation\Source Files</Filter>
    </ClCompile>
    <ClCompile Include="Foundation\WireSystem.cpp">
      <Filter>Foundation\Source Files</Filter>
    </ClCompile>
    <ClCompile Include="Foundation\WireVector2.cpp">
      <Filter>Foundation\Source Files</Filter>
    </ClCompile>
    <ClCompile Include="Foundation\WireVector3.cpp">
      <Filter>Foundation\Source Files</Filter>
    </ClCompile>
    <ClCompile Include="Foundation\WireVector4.cpp">
      <Filter>Foundation\Source Files</Filter>
    </ClCompile>
    <ClCompile Include="Foundation\Wii\WireGXApplication.cpp">
      <Filter>Foundation\Platforms\Wii\Source Files</Filter>
    </ClCompile>
    <ClCompile Include="Foundation\Dx9\WireDx9Application.cpp">
      <Filter>Foundation\Platforms\Dx9\Source Files</Filter>
    </ClCompile>
    <ClCompile Include="Renderer\GXRenderer\WireGXIndexBuffer.cpp">
      <Filter>Renderer\GXRenderer\Source Files</Filter>
    </ClCompile>
    <ClCompile Include="Renderer\GXRenderer\WireGXLight.cpp">
      <Filter>Renderer\GXRenderer\Source Files</Filter>
    </ClCompile>
    <ClCompile Include="Renderer\GXRenderer\WireGXRenderer.cpp">
      <Filter>Renderer\GXRenderer\Source Files</Filter>
    </ClCompile>
    <ClCompile Include="Renderer\GXRenderer\WireGXTexture2D.cpp">
      <Filter>Renderer\GXRenderer\Source Files</Filter>
    </ClCompile>
    <ClCompile Include="Renderer\GXRenderer\WireGXVertexBuffer.cpp">
      <Filter>Renderer\GXRenderer\Source Files</Filter>
    </ClCompile>
    <ClCompile Include="Renderer\Dx9Renderer\WireDx9IndexBuffer.cpp">
      <Filter>Renderer\Dx9Renderer\Source Files</Filter>
    </ClCompile>
    <ClCompile Include="Renderer\Dx9Renderer\WireDx9Light.cpp">
      <Filter>Renderer\Dx9Renderer\Source Files</Filter>
    </ClCompile>
    <ClCompile Include="Renderer\Dx9Renderer\WireDx9Renderer.cpp">
      <Filter>Renderer\Dx9Renderer\Source Files</Filter>
    </ClCompile>
    <ClCompile Include="Renderer\Dx9Renderer\WireDx9Texture2D.cpp">
      <Filter>Renderer\Dx9Renderer\Source Files</Filter>
    </ClCompile>
    <ClCompile Include="Renderer\Dx9Renderer\WireDx9VertexBuffer.cpp">
      <Filter>Renderer\Dx9Renderer\Source Files</Filter>
    </ClCompile>
    <ClCompile Include="Engine\WireBoundingVolume.cpp">
      <Filter>Engine\Source Files</Filter>
    </ClCompile>
    <ClCompile Include="Engine\WireBuffer.cpp">
      <Filter>Engine\Source Files</Filter>
    </ClCompile>
    <ClCompile Include="Engine\WireCamera.cpp">
      <Filter>Engine\Source Files</Filter>
    </ClCompile>
    <ClCompile Include="Engine\WireController.cpp">
      <Filter>Engine\Source Files</Filter>
    </ClCompile>
    <ClCompile Include="Engine\WireCuller.cpp">
      <Filter>Engine\Source Files</Filter>
    </ClCompile>
    <ClCompile Include="Engine\WireEffect.cpp">
      <Filter>Engine\Source Files</Filter>
    </ClCompile>
    <ClCompile Include="Engine\WireGeometry.cpp">
      <Filter>Engine\Source Files</Filter>
    </ClCompile>
    <ClCompile Include="Engine\WireImage2D.cpp">
      <Filter>Engine\Source Files</Filter>
    </ClCompile>
    <ClCompile Include="Engine\WireIndexBuffer.cpp">
      <Filter>Engine\Source Files</Filter>
    </ClCompile>
    <ClCompile Include="Engine\WireLight.cpp">
      <Filter>Engine\Source Files</Filter>
    </ClCompile>
    <ClCompile Include="Engine\WireNode.cpp">
      <Filter>Engine\Source Files</Filter>
    </ClCompile>
    <ClCompile Include="Engine\WireObject.cpp">
      <Filter>Engine\Source Files</Filter>
    </ClCompile>
    <ClCompile Include="Engine\WireRenderer.cpp">
      <Filter>Engine\Source Files</Filter>
    </ClCompile>
    <ClCompile Include="Engine\WireRtti.cpp">
      <Filter>Engine\Source Files</Filter>
    </ClCompile>
    <ClCompile Include="Engine\WireSceneObject.cpp">
      <Filter>Engine\Source Files</Filter>
    </ClCompile>
    <ClCompile Include="Engine\WireSpatial.cpp">
      <Filter>Engine\Source Files</Filter>
    </ClCompile>
    <ClCompile Include="Engine\WireSphereBV.cpp">
      <Filter>Engine\Source Files</Filter>
    </ClCompile>
    <ClCompile Include="Engine\WireTexture2D.cpp">
      <Filter>Engine\Source Files</Filter>
    </ClCompile>
    <ClCompile Include="Engine\WireTransformation.cpp">
      <Filter>Engine\Source Files</Filter>
    </ClCompile>
    <ClCompile Include="Engine\WireVertexAttributes.cpp">
      <Filter>Engine\Source Files</Filter>
    </ClCompile>
    <ClCompile Include="Engine\WireVertexBuffer.cpp">
      <Filter>Engine\Source Files</Filter>
    </ClCompile>
    <ClCompile Include="Engine\WireVisibleSet.cpp">
      <Filter>Engine\Source Files</Filter>
    </ClCompile>
    <ClCompile Include="Renderer\Dx9Renderer\WireDx9StateAlpha.cpp">
      <Filter>Renderer\Dx9Renderer\Source Files</Filter>
    </ClCompile>
    <ClCompile Include="Renderer\Dx9Renderer\WireDx9StateCull.cpp">
      <Filter>Renderer\Dx9Renderer\Source Files</Filter>
    </ClCompile>
    <ClCompile Include="Renderer\Dx9Renderer\WireDx9StateFog.cpp">
      <Filter>Renderer\Dx9Renderer\Source Files</Filter>
    </ClCompile>
    <ClCompile Include="Renderer\Dx9Renderer\WireDx9StateMaterial.cpp">
      <Filter>Renderer\Dx9Renderer\Source Files</Filter>
    </ClCompile>
    <ClCompile Include="Renderer\Dx9Renderer\WireDx9StateWireframe.cpp">
      <Filter>Renderer\Dx9Renderer\Source Files</Filter>
    </ClCompile>
    <ClCompile Include="Renderer\Dx9Renderer\WireDx9StateZBuffer.cpp">
      <Filter>Renderer\Dx9Renderer\Source Files</Filter>
    </ClCompile>
    <ClCompile Include="Renderer\GXRenderer\WireGXStateAlpha.cpp">
      <Filter>Renderer\GXRenderer\Source Files</Filter>
    </ClCompile>
    <ClCompile Include="Renderer\GXRenderer\WireGXStateCull.cpp">
      <Filter>Renderer\GXRenderer\Source Files</Filter>
    </ClCompile>
    <ClCompile Include="Renderer\GXRenderer\WireGXStateFog.cpp">
      <Filter>Renderer\GXRenderer\Source Files</Filter>
    </ClCompile>
    <ClCompile Include="Renderer\GXRenderer\WireGXStateMaterial.cpp">
      <Filter>Renderer\GXRenderer\Source Files</Filter>
    </ClCompile>
    <ClCompile Include="Renderer\GXRenderer\WireGXStateZBuffer.cpp">
      <Filter>Renderer\GXRenderer\Source Files</Filter>
    </ClCompile>
    <ClCompile Include="Engine\WireStateAlpha.cpp">
      <Filter>Engine\Source Files</Filter>
    </ClCompile>
    <ClCompile Include="Engine\WireStateCull.cpp">
      <Filter>Engine\Source Files</Filter>
    </ClCompile>
    <ClCompile Include="Engine\WireStateFog.cpp">
      <Filter>Engine\Source Files</Filter>
    </ClCompile>
    <ClCompile Include="Engine\WireStateMaterial.cpp">
      <Filter>Engine\Source Files</Filter>
    </ClCompile>
    <ClCompile Include="Engine\WireStateWireframe.cpp">
      <Filter>Engine\Source Files</Filter>
    </ClCompile>
    <ClCompile Include="Engine\WireStateZBuffer.cpp">
      <Filter>Engine\Source Files</Filter>
    </ClCompile>
    <ClCompile Include="Engine\WireNodeBillboard.cpp">
      <Filter>Engine\Source Files</Filter>
    </ClCompile>
    <ClCompile Include="Engine\WireNodeDLod.cpp">
      <Filter>Engine\Source Files</Filter>
    </ClCompile>
    <ClCompile Include="Engine\WireNodeLight.cpp">
      <Filter>Engine\Source Files</Filter>
    </ClCompile>
    <ClCompile Include="Engine\WireNodeSwitch.cpp">
      <Filter>Engine\Source Files</Filter>
    </ClCompile>
    <ClCompile Include="Engine\WireState.cpp">
      <Filter>Engine\Source Files</Filter>
    </ClCompile>
    <ClCompile Include="Engine\WireStandardMesh.cpp">
      <Filter>Engine\Source Files</Filter>
    </ClCompile>
    <ClCompile Include="Foundation\WireNoisePerlin.cpp">
      <Filter>Foundation\Source Files</Filter>
    </ClCompile>
    <ClCompile Include="Renderer\GXRenderer\WireGXDisplayList.cpp">
      <Filter>Renderer\GXRenderer\Source Files</Filter>
    </ClCompile>
    <ClCompile Include="Engine\WireMaterial.cpp">
      <Filter>Engine\Source Files</Filter>
    </ClCompile>
    <ClCompile Include="Renderer\Dx9Renderer\WireDx9BlendMode.cpp">
      <Filter>Renderer\Dx9Renderer\Source Files</Filter>
    </ClCompile>
    <ClCompile Include="Renderer\GXRenderer\WireGXBlendMode.cpp">
      <Filter>Renderer\GXRenderer\Source Files</Filter>
    </ClCompile>
    <ClCompile Include="Engine\WireCullerSorter.cpp">
      <Filter>Engine\Source Files</Filter>
    </ClCompile>
  </ItemGroup>
</Project>