
Microsoft Visual Studio Solution File, Format Version 11.00
# Visual Studio 2010
Project("{8BC9CEB8-8B4A-11D0-8D11-00A0C91BC942}") = "Wire", "Wire\Wire_WII.vcxproj", "{F95787AD-C522-4532-98F2-107E57D5019C}"
EndProject
Project("{8BC9CEB8-8B4A-11D0-8D11-00A0C91BC942}") = "Sample1 - Basic Rendering", "Samples\Sample1\Sample1_WII.vcxproj", "{DD8DDE23-4C8B-47E5-86E3-725A5B52C3AD}"
EndProject
Project("{8BC9CEB8-8B4A-11D0-8D11-00A0C91BC942}") = "Sample2 - Scene Graph", "Samples\Sample2\Sample2_WII.vcxproj", "{63E8E87E-548C-460A-9B0E-FA0365C263F5}"
EndProject
Project("{8BC9CEB8-8B4A-11D0-8D11-00A0C91BC942}") = "Sample3 - Level of Detail", "Samples\Sample3\Sample3_WII.vcxproj", "{5B8835D8-A708-4650-9C67-D0599D9A8899}"
EndProject
Project("{8BC9CEB8-8B4A-11D0-8D11-00A0C91BC942}") = "Sample4 - Multitexturing", "Samples\Sample4\Sample4_WII.vcxproj", "{B5F244AA-B3C6-45DC-831E-3C4AA5C91898}"
EndProject
Project("{8BC9CEB8-8B4A-11D0-8D11-00A0C91BC942}") = "Sample5 - Lighting", "Samples\Sample5\Sample5_WII.vcxproj", "{0F5C00B3-991B-44E6-832A-F76E6F3360A7}"
EndProject
Project("{8BC9CEB8-8B4A-11D0-8D11-00A0C91BC942}") = "Sample6 - Custom Nodes", "Samples\Sample6\Sample6_WII.vcxproj", "{B3F7B708-87F9-44D9-841E-B1154446BEAC}"
EndProject
Project("{8BC9CEB8-8B4A-11D0-8D11-00A0C91BC942}") = "Sample7 - Dynamic Buffers", "Samples\Sample7\Sample7_WII.vcxproj", "{4C855CAF-508E-4DEF-B6D5-82D24FDFE64E}"
EndProject
Project("{8BC9CEB8-8B4A-11D0-8D11-00A0C91BC942}") = "Sample0 - User Application", "Samples\Sample0\Sample0_WII.vcxproj", "{535A54C5-0304-4361-A168-A8EC5BE41313}"
EndProject
Project("{8BC9CEB8-8B4A-11D0-8D11-00A0C91BC942}") = "Sample8 - Bullet Physics Integration", "Samples\Sample8\Sample8_WII.vcxproj", "{1C6DEE24-1F60-40B0-92A5-C264AEE84DBB}"
EndProject
Project("{8BC9CEB8-8B4A-11D0-8D11-00A0C91BC942}") = "Sample9 - Custom Main", "Samples\Sample9_WII\Sample9_WII.vcxproj", "{7A7EA69E-5EF7-4F57-93C0-343E31EEB7B0}"
EndProject
Global
	GlobalSection(SolutionConfigurationPlatforms) = preSolution
		Debug|Win32 = Debug|Win32
		Release|Win32 = Release|Win32
	EndGlobalSection
	GlobalSection(ProjectConfigurationPlatforms) = postSolution
		{F95787AD-C522-4532-98F2-107E57D5019C}.Debug|Win32.ActiveCfg = Debug|Win32
		{F95787AD-C522-4532-98F2-107E57D5019C}.Debug|Win32.Build.0 = Debug|Win32
		{F95787AD-C522-4532-98F2-107E57D5019C}.Release|Win32.ActiveCfg = Release|Win32
		{F95787AD-C522-4532-98F2-107E57D5019C}.Release|Win32.Build.0 = Release|Win32
		{DD8DDE23-4C8B-47E5-86E3-725A5B52C3AD}.Debug|Win32.ActiveCfg = Debug|Win32
		{DD8DDE23-4C8B-47E5-86E3-725A5B52C3AD}.Debug|Win32.Build.0 = Debug|Win32
		{DD8DDE23-4C8B-47E5-86E3-725A5B52C3AD}.Release|Win32.ActiveCfg = Release|Win32
		{DD8DDE23-4C8B-47E5-86E3-725A5B52C3AD}.Release|Win32.Build.0 = Release|Win32
		{63E8E87E-548C-460A-9B0E-FA0365C263F5}.Debug|Win32.ActiveCfg = Debug|Win32
		{63E8E87E-548C-460A-9B0E-FA0365C263F5}.Debug|Win32.Build.0 = Debug|Win32
		{63E8E87E-548C-460A-9B0E-FA0365C263F5}.Release|Win32.ActiveCfg = Release|Win32
		{63E8E87E-548C-460A-9B0E-FA0365C263F5}.Release|Win32.Build.0 = Release|Win32
		{5B8835D8-A708-4650-9C67-D0599D9A8899}.Debug|Win32.ActiveCfg = Debug|Win32
		{5B8835D8-A708-4650-9C67-D0599D9A8899}.Debug|Win32.Build.0 = Debug|Win32
		{5B8835D8-A708-4650-9C67-D0599D9A8899}.Release|Win32.ActiveCfg = Release|Win32
		{5B8835D8-A708-4650-9C67-D0599D9A8899}.Release|Win32.Build.0 = Release|Win32
		{B5F244AA-B3C6-45DC-831E-3C4AA5C91898}.Debug|Win32.ActiveCfg = Debug|Win32
		{B5F244AA-B3C6-45DC-831E-3C4AA5C91898}.Debug|Win32.Build.0 = Debug|Win32
		{B5F244AA-B3C6-45DC-831E-3C4AA5C91898}.Release|Win32.ActiveCfg = Release|Win32
		{B5F244AA-B3C6-45DC-831E-3C4AA5C91898}.Release|Win32.Build.0 = Release|Win32
		{0F5C00B3-991B-44E6-832A-F76E6F3360A7}.Debug|Win32.ActiveCfg = Debug|Win32
		{0F5C00B3-991B-44E6-832A-F76E6F3360A7}.Debug|Win32.Build.0 = Debug|Win32
		{0F5C00B3-991B-44E6-832A-F76E6F3360A7}.Release|Win32.ActiveCfg = Release|Win32
		{0F5C00B3-991B-44E6-832A-F76E6F3360A7}.Release|Win32.Build.0 = Release|Win32
		{B3F7B708-87F9-44D9-841E-B1154446BEAC}.Debug|Win32.ActiveCfg = Debug|Win32
		{B3F7B708-87F9-44D9-841E-B1154446BEAC}.Debug|Win32.Build.0 = Debug|Win32
		{B3F7B708-87F9-44D9-841E-B1154446BEAC}.Release|Win32.ActiveCfg = Release|Win32
		{B3F7B708-87F9-44D9-841E-B1154446BEAC}.Release|Win32.Build.0 = Release|Win32
		{4C855CAF-508E-4DEF-B6D5-82D24FDFE64E}.Debug|Win32.ActiveCfg = Debug|Win32
		{4C855CAF-508E-4DEF-B6D5-82D24FDFE64E}.Debug|Win32.Build.0 = Debug|Win32
		{4C855CAF-508E-4DEF-B6D5-82D24FDFE64E}.Release|Win32.ActiveCfg = Release|Win32
		{4C855CAF-508E-4DEF-B6D5-82D24FDFE64E}.Release|Win32.Build.0 = Release|Win32
		{535A54C5-0304-4361-A168-A8EC5BE41313}.Debug|Win32.ActiveCfg = Debug|Win32
		{535A54C5-0304-4361-A168-A8EC5BE41313}.Debug|Win32.Build.0 = Debug|Win32
		{535A54C5-0304-4361-A168-A8EC5BE41313}.Release|Win32.ActiveCfg = Release|Win32
		{535A54C5-0304-4361-A168-A8EC5BE41313}.Release|Win32.Build.0 = Release|Win32
		{1C6DEE24-1F60-40B0-92A5-C264AEE84DBB}.Debug|Win32.ActiveCfg = Debug|Win32
		{1C6DEE24-1F60-40B0-92A5-C264AEE84DBB}.Debug|Win32.Build.0 = Debug|Win32
		{1C6DEE24-1F60-40B0-92A5-C264AEE84DBB}.Release|Win32.ActiveCfg = Release|Win32
		{1C6DEE24-1F60-40B0-92A5-C264AEE84DBB}.Release|Win32.Build.0 = Release|Win32
		{7A7EA69E-5EF7-4F57-93C0-343E31EEB7B0}.Debug|Win32.ActiveCfg = Debug|Win32
		{7A7EA69E-5EF7-4F57-93C0-343E31EEB7B0}.Debug|Win32.Build.0 = Debug|Win32
		{7A7EA69E-5EF7-4F57-93C0-343E31EEB7B0}.Release|Win32.ActiveCfg = Release|Win32
		{7A7EA69E-5EF7-4F57-93C0-343E31EEB7B0}.Release|Win32.Build.0 = Release|Win32
	EndGlobalSection
	GlobalSection(SolutionProperties) = preSolution
		HideSolutionNode = FALSE
	EndGlobalSection
EndGlobal
