
Microsoft Visual Studio Solution File, Format Version 9.00
# Visual Studio 2005
Project("{8BC9CEB8-8B4A-11D0-8D11-00A0C91BC942}") = "Wire", "Wire\Wire.vcproj", "{F95787AD-C522-4532-98F2-107E57D5019C}"
EndProject
Project("{8BC9CEB8-8B4A-11D0-8D11-00A0C91BC942}") = "FirstSample", "Samples\FirstSample\FirstSample.vcproj", "{F95787AD-C522-4532-98F2-107E57D5019D}"
	ProjectSection(ProjectDependencies) = postProject
		{F95787AD-C522-4532-98F2-107E57D5019C} = {F95787AD-C522-4532-98F2-107E57D5019C}
	EndProjectSection
EndProject
Global
	GlobalSection(SolutionConfigurationPlatforms) = preSolution
		Debug|Win32 = Debug|Win32
		Release|Win32 = Release|Win32
	EndGlobalSection
	GlobalSection(ProjectConfigurationPlatforms) = postSolution
		{F95787AD-C522-4532-98F2-107E57D5019C}.Debug|Win32.ActiveCfg = Release|Win32
		{F95787AD-C522-4532-98F2-107E57D5019C}.Debug|Win32.Build.0 = Release|Win32
		{F95787AD-C522-4532-98F2-107E57D5019C}.Release|Win32.ActiveCfg = Release|Win32
		{F95787AD-C522-4532-98F2-107E57D5019C}.Release|Win32.Build.0 = Release|Win32
		{F95787AD-C522-4532-98F2-107E57D5019D}.Debug|Win32.ActiveCfg = Release|Win32
		{F95787AD-C522-4532-98F2-107E57D5019D}.Debug|Win32.Build.0 = Release|Win32
		{F95787AD-C522-4532-98F2-107E57D5019D}.Release|Win32.ActiveCfg = Release|Win32
		{F95787AD-C522-4532-98F2-107E57D5019D}.Release|Win32.Build.0 = Release|Win32
	EndGlobalSection
	GlobalSection(SolutionProperties) = preSolution
		HideSolutionNode = FALSE
	EndGlobalSection
EndGlobal
