
Microsoft Visual Studio Solution File, Format Version 9.00
# Visual Studio 2005
Project("{8BC9CEB8-8B4A-11D0-8D11-00A0C91BC942}") = "Wire_WIN32", "Wire\Wire_WIN32.vcproj", "{B0895837-1F40-4F57-8F36-1DF861114254}"
EndProject
Project("{8BC9CEB8-8B4A-11D0-8D11-00A0C91BC942}") = "Sample1_WIN32", "Samples\Sample1\Sample1_WIN32.vcproj", "{5EF9DCF2-9CD2-4EC6-9E7D-422AC18BE27E}"
	ProjectSection(ProjectDependencies) = postProject
		{B0895837-1F40-4F57-8F36-1DF861114254} = {B0895837-1F40-4F57-8F36-1DF861114254}
	EndProjectSection
EndProject
Project("{8BC9CEB8-8B4A-11D0-8D11-00A0C91BC942}") = "Sample2_WIN32", "Samples\Sample2\Sample2_WIN32.vcproj", "{FCAB5275-8361-4579-9FE8-63BD5F3B854E}"
	ProjectSection(ProjectDependencies) = postProject
		{B0895837-1F40-4F57-8F36-1DF861114254} = {B0895837-1F40-4F57-8F36-1DF861114254}
	EndProjectSection
EndProject
Global
	GlobalSection(SolutionConfigurationPlatforms) = preSolution
		Debug|Win32 = Debug|Win32
		Release|Win32 = Release|Win32
	EndGlobalSection
	GlobalSection(ProjectConfigurationPlatforms) = postSolution
		{B0895837-1F40-4F57-8F36-1DF861114254}.Debug|Win32.ActiveCfg = Debug|Win32
		{B0895837-1F40-4F57-8F36-1DF861114254}.Debug|Win32.Build.0 = Debug|Win32
		{B0895837-1F40-4F57-8F36-1DF861114254}.Release|Win32.ActiveCfg = Release|Win32
		{B0895837-1F40-4F57-8F36-1DF861114254}.Release|Win32.Build.0 = Release|Win32
		{5EF9DCF2-9CD2-4EC6-9E7D-422AC18BE27E}.Debug|Win32.ActiveCfg = Debug|Win32
		{5EF9DCF2-9CD2-4EC6-9E7D-422AC18BE27E}.Debug|Win32.Build.0 = Debug|Win32
		{5EF9DCF2-9CD2-4EC6-9E7D-422AC18BE27E}.Release|Win32.ActiveCfg = Release|Win32
		{5EF9DCF2-9CD2-4EC6-9E7D-422AC18BE27E}.Release|Win32.Build.0 = Release|Win32
		{FCAB5275-8361-4579-9FE8-63BD5F3B854E}.Debug|Win32.ActiveCfg = Debug|Win32
		{FCAB5275-8361-4579-9FE8-63BD5F3B854E}.Debug|Win32.Build.0 = Debug|Win32
		{FCAB5275-8361-4579-9FE8-63BD5F3B854E}.Release|Win32.ActiveCfg = Release|Win32
		{FCAB5275-8361-4579-9FE8-63BD5F3B854E}.Release|Win32.Build.0 = Release|Win32
	EndGlobalSection
	GlobalSection(SolutionProperties) = preSolution
		HideSolutionNode = FALSE
	EndGlobalSection
EndGlobal
