<?xml version="1.0" encoding="utf-8"?>
<Project ToolsVersion="4.0" xmlns="http://schemas.microsoft.com/developer/msbuild/2003">
  <ItemGroup>
    <ClCompile Include="src\Importer.cpp" />
    <ClCompile Include="src\PicoPNG.cpp" />
    <ClCompile Include="src\Collider.cpp" />
    <ClCompile Include="src\BulletUtils.cpp" />
  </ItemGroup>
  <ItemGroup>
    <ClInclude Include="src\Importer.h" />
    <ClInclude Include="src\PicoPNG.h" />
    <ClInclude Include="src\rapidxml.hpp" />
    <ClInclude Include="src\Collider.h" />
    <ClInclude Include="src\BulletUtils.h" />
  </ItemGroup>
</Project>