<?xml version="1.0" encoding="utf-8"?>
<Project ToolsVersion="4.0" xmlns="http://schemas.microsoft.com/developer/msbuild/2003">
  <ItemGroup>
    <Filter Include="TestCases">
      <UniqueIdentifier>{13405109-fcf1-4d3b-bf43-00c86b78f5ac}</UniqueIdentifier>
    </Filter>
    <Filter Include="TestCases\Source Files">
      <UniqueIdentifier>{393b60eb-2c63-4f2a-8fb8-fed23252d153}</UniqueIdentifier>
    </Filter>
    <Filter Include="TestCases\Platforms">
      <UniqueIdentifier>{b9a24dc6-4cae-4bdb-bc45-c9f5a9c8f0e4}</UniqueIdentifier>
    </Filter>
    <Filter Include="TestCases\Platforms\Wii">
      <UniqueIdentifier>{d3405280-1ce8-4327-8ac6-86c7d3e1f856}</UniqueIdentifier>
    </Filter>
    <Filter Include="TestCases\Platforms\Wii\Source Files">
      <UniqueIdentifier>{444e7daa-7632-436f-b40e-0b0a3006652b}</UniqueIdentifier>
    </Filter>
    <Filter Include="TestCases\Platforms\Win32">
      <UniqueIdentifier>{a06c3045-52fe-44c9-9206-3df2c4bb0ed2}</UniqueIdentifier>
    </Filter>
    <Filter Include="TestCases\Platforms\Win32\Source Files">
      <UniqueIdentifier>{c1eb09e4-4e7c-4f65-9234-fc7306a2a207}</UniqueIdentifier>
    </Filter>
    <Filter Include="Stubs">
      <UniqueIdentifier>{a2353b33-0d99-40ad-86a6-36d2c90e93dc}</UniqueIdentifier>
    </Filter>
    <Filter Include="Stubs\Header Files">
      <UniqueIdentifier>{53e6c581-44e0-4f99-85e2-dcba337e5865}</UniqueIdentifier>
    </Filter>
    <Filter Include="Stubs\Source Files">
      <UniqueIdentifier>{f6f718b0-f465-4fba-b08d-42f2279d7fba}</UniqueIdentifier>
    </Filter>
    <Filter Include="Stubs\Platforms">
      <UniqueIdentifier>{9177bd2e-4065-4d00-b427-8b193ebcfb8f}</UniqueIdentifier>
    </Filter>
    <Filter Include="Stubs\Platforms\Wii">
      <UniqueIdentifier>{eaacf7d9-2671-4b3c-866f-398e75d6e493}</UniqueIdentifier>
    </Filter>
    <Filter Include="Stubs\Platforms\Win32">
      <UniqueIdentifier>{4accd8e7-a6fa-4714-94bf-fd13bd5c07c5}</UniqueIdentifier>
    </Filter>
    <Filter Include="Stubs\Platforms\Win32\Header Files">
      <UniqueIdentifier>{443702a0-cbec-461a-840c-dfeaf46b0f51}</UniqueIdentifier>
    </Filter>
    <Filter Include="Stubs\Platforms\Win32\Source Files">
      <UniqueIdentifier>{02a4082d-6e42-4ffc-a144-582dd9511a14}</UniqueIdentifier>
    </Filter>
    <Filter Include="Mocks">
      <UniqueIdentifier>{e68b475a-48c8-41fe-9dcb-d6ec8480bc56}</UniqueIdentifier>
    </Filter>
    <Filter Include="Mocks\Header Files">
      <UniqueIdentifier>{959a5566-8e43-47ac-ad89-826a9e7d013a}</UniqueIdentifier>
    </Filter>
    <Filter Include="Mocks\Platforms">
      <UniqueIdentifier>{b7bec007-3fd8-4857-8d0b-beacfa5c7704}</UniqueIdentifier>
    </Filter>
    <Filter Include="Mocks\Platforms\Wii">
      <UniqueIdentifier>{fce02f45-5c09-4d9f-90d3-5cce667f8efd}</UniqueIdentifier>
    </Filter>
    <Filter Include="Mocks\Platforms\Win32">
      <UniqueIdentifier>{3199004c-e92e-4388-bb2a-8c95e8e9b47d}</UniqueIdentifier>
    </Filter>
    <Filter Include="Mocks\Platforms\Wii\Header Files">
      <UniqueIdentifier>{59b4cc9b-92a6-4164-a27e-6a94b5350e44}</UniqueIdentifier>
    </Filter>
  </ItemGroup>
  <ItemGroup>
    <ClCompile Include="TestCases\TestRunner.cpp">
      <Filter>TestCases\Source Files</Filter>
    </ClCompile>
    <ClCompile Include="TestCases\Win32\Win32EmulatedNunchukTest.cpp">
      <Filter>TestCases\Platforms\Win32\Source Files</Filter>
    </ClCompile>
    <ClCompile Include="TestCases\Win32\Win32EmulatedWiiMoteTest.cpp">
      <Filter>TestCases\Platforms\Win32\Source Files</Filter>
    </ClCompile>
    <ClCompile Include="TestCases\Win32\Win32InputDataBufferTest.cpp">
      <Filter>TestCases\Platforms\Win32\Source Files</Filter>
    </ClCompile>
    <ClCompile Include="TestCases\Win32\Win32InputSystemTest.cpp">
      <Filter>TestCases\Platforms\Win32\Source Files</Filter>
    </ClCompile>
    <ClCompile Include="TestCases\InputCapabilityTest.cpp">
      <Filter>TestCases\Source Files</Filter>
    </ClCompile>
    <ClCompile Include="TestCases\InputDeviceTest.cpp">
      <Filter>TestCases\Source Files</Filter>
    </ClCompile>
    <ClCompile Include="TestCases\InputSystemTest.cpp">
      <Filter>TestCases\Source Files</Filter>
    </ClCompile>
    <ClCompile Include="TestCases\InputDeviceExtensionTest.cpp">
      <Filter>TestCases\Source Files</Filter>
    </ClCompile>
    <ClCompile Include="TestCases\MainInputDeviceTest.cpp">
      <Filter>TestCases\Source Files</Filter>
    </ClCompile>
    <ClCompile Include="TestCases\Wii\NunchukButtonTest.cpp">
      <Filter>TestCases\Platforms\Wii\Source Files</Filter>
    </ClCompile>
    <ClCompile Include="TestCases\Wii\WiiInputSystemTest.cpp">
      <Filter>TestCases\Platforms\Wii\Source Files</Filter>
    </ClCompile>
    <ClCompile Include="TestCases\Wii\WiiMoteTest.cpp">
      <Filter>TestCases\Platforms\Wii\Source Files</Filter>
    </ClCompile>
    <ClCompile Include="TestCases\Wii\WiiMoteButtonTest.cpp">
      <Filter>TestCases\Platforms\Wii\Source Files</Filter>
    </ClCompile>
    <ClCompile Include="TestCases\Wii\WiiMoteDigitalPadTest.cpp">
      <Filter>TestCases\Platforms\Wii\Source Files</Filter>
    </ClCompile>
    <ClCompile Include="TestCases\Wii\WiiMoteIRTest.cpp">
      <Filter>TestCases\Platforms\Wii\Source Files</Filter>
    </ClCompile>
    <ClCompile Include="TestCases\Wii\WiiMoteShakeTest.cpp">
      <Filter>TestCases\Platforms\Wii\Source Files</Filter>
    </ClCompile>
    <ClCompile Include="TestCases\Wii\WiiMoteSwingTest.cpp">
      <Filter>TestCases\Platforms\Wii\Source Files</Filter>
    </ClCompile>
    <ClCompile Include="TestCases\Wii\WiiMoteTiltTest.cpp">
      <Filter>TestCases\Platforms\Wii\Source Files</Filter>
    </ClCompile>
    <ClCompile Include="TestCases\Wii\WiiNunchukTest.cpp">
      <Filter>TestCases\Platforms\Wii\Source Files</Filter>
    </ClCompile>
    <ClCompile Include="TestCases\Wii\NunchukShakeTest.cpp">
      <Filter>TestCases\Platforms\Wii\Source Files</Filter>
    </ClCompile>
    <ClCompile Include="TestCases\Wii\NunchukTiltTest.cpp">
      <Filter>TestCases\Platforms\Wii\Source Files</Filter>
    </ClCompile>
    <ClCompile Include="Stubs\WireInputDeviceExtensionStub.cpp">
      <Filter>Stubs\Source Files</Filter>
    </ClCompile>
    <ClCompile Include="Stubs\WireMainInputDeviceStub.cpp">
      <Filter>Stubs\Source Files</Filter>
    </ClCompile>
    <ClCompile Include="Stubs\WireInputCapabilityStub.cpp">
      <Filter>Stubs\Source Files</Filter>
    </ClCompile>
    <ClCompile Include="Stubs\WireInputSystemStub.cpp">
      <Filter>Stubs\Source Files</Filter>
    </ClCompile>
    <ClCompile Include="Stubs\WireInputDeviceStub.cpp">
      <Filter>Stubs\Source Files</Filter>
    </ClCompile>
    <ClCompile Include="Stubs\Win32\WireWin32InputSystemStub.cpp">
      <Filter>Stubs\Platforms\Win32\Source Files</Filter>
    </ClCompile>
    <ClCompile Include="TestCases\Win32\Win32KeyMappedAnalogPadTest.cpp">
      <Filter>TestCases\Platforms\Win32\Source Files</Filter>
    </ClCompile>
    <ClCompile Include="TestCases\Win32\Win32KeyMappedButtonsTest.cpp">
      <Filter>TestCases\Platforms\Win32\Source Files</Filter>
    </ClCompile>
    <ClCompile Include="TestCases\Win32\Win32KeyMappedDigitalPadTest.cpp">
      <Filter>TestCases\Platforms\Win32\Source Files</Filter>
    </ClCompile>
    <ClCompile Include="TestCases\Win32\Win32KeyMappedIRTest.cpp">
      <Filter>TestCases\Platforms\Win32\Source Files</Filter>
    </ClCompile>
    <ClCompile Include="TestCases\Win32\Win32KeyMappedShakeTest.cpp">
      <Filter>TestCases\Platforms\Win32\Source Files</Filter>
    </ClCompile>
    <ClCompile Include="TestCases\Win32\Win32KeyMappedSwingTest.cpp">
      <Filter>TestCases\Platforms\Win32\Source Files</Filter>
    </ClCompile>
    <ClCompile Include="TestCases\Win32\Win32KeyMappedTiltTest.cpp">
      <Filter>TestCases\Platforms\Win32\Source Files</Filter>
    </ClCompile>
  </ItemGroup>
  <ItemGroup>
    <ClInclude Include="Stubs\WireInputSystemStub.h">
      <Filter>Stubs\Header Files</Filter>
    </ClInclude>
    <ClInclude Include="Stubs\WireMainInputDeviceStub.h">
      <Filter>Stubs\Header Files</Filter>
    </ClInclude>
    <ClInclude Include="Stubs\WireInputDeviceExtensionStub.h">
      <Filter>Stubs\Header Files</Filter>
    </ClInclude>
    <ClInclude Include="Stubs\WireInputCapabilityStub.h">
      <Filter>Stubs\Header Files</Filter>
    </ClInclude>
    <ClInclude Include="Stubs\WireInputDeviceStub.h">
      <Filter>Stubs\Header Files</Filter>
    </ClInclude>
    <ClInclude Include="Stubs\WireInputDataBufferStub.h">
      <Filter>Stubs\Header Files</Filter>
    </ClInclude>
    <ClInclude Include="Stubs\Win32\WireWin32InputSystemStub.h">
      <Filter>Stubs\Platforms\Win32\Header Files</Filter>
    </ClInclude>
    <ClInclude Include="Mocks\Wii\WireWPADWrapperMock.h">
      <Filter>Mocks\Platforms\Wii\Header Files</Filter>
    </ClInclude>
    <ClInclude Include="Mocks\WireApplicationMock.h">
      <Filter>Mocks\Header Files</Filter>
    </ClInclude>
  </ItemGroup>
</Project>